
Microsoft Visual Studio Solution File, Format Version 12.00
# Visual Studio Version 17
VisualStudioVersion = 17.5.002.0
MinimumVisualStudioVersion = 10.0.40219.1
Project("{9A19103F-16F7-4668-BE54-9A1E7A4F7556}") = "ShepherdPie", "ShepherdPie.csproj", "{2050F42F-B72F-45C1-91F7-996ECEEBBAEF}"
EndProject
Global
	GlobalSection(SolutionConfigurationPlatforms) = preSolution
		Debug|Any CPU = Debug|Any CPU
		Release|Any CPU = Release|Any CPU
	EndGlobalSection
	GlobalSection(ProjectConfigurationPlatforms) = postSolution
		{2050F42F-B72F-45C1-91F7-996ECEEBBAEF}.Debug|Any CPU.ActiveCfg = Debug|Any CPU
		{2050F42F-B72F-45C1-91F7-996ECEEBBAEF}.Debug|Any CPU.Build.0 = Debug|Any CPU
		{2050F42F-B72F-45C1-91F7-996ECEEBBAEF}.Release|Any CPU.ActiveCfg = Release|Any CPU
		{2050F42F-B72F-45C1-91F7-996ECEEBBAEF}.Release|Any CPU.Build.0 = Release|Any CPU
	EndGlobalSection
	GlobalSection(SolutionProperties) = preSolution
		HideSolutionNode = FALSE
	EndGlobalSection
	GlobalSection(ExtensibilityGlobals) = postSolution
		SolutionGuid = {C32053C4-4B6D-4CFB-A171-9D069C31A0AA}
	EndGlobalSection
EndGlobal
